{
  "name": "thuha_germanygoods",
  "version": "1.0.0",
  "lockfileVersion": 3,
  "requires": true,
  "packages": {
    "": {
      "name": "thuha_germanygoods",
      "version": "1.0.0",
      "license": "ISC",
      "dependencies": {
        "thuha_germanygoods": "file:"
      }
    },
    "node_modules/thuha_germanygoods": {
      "resolved": "",
      "link": true
    }
  }
}
